
Microsoft Visual Studio Solution File, Format Version 12.00
# Visual Studio 15
VisualStudioVersion = 15.0.27130.2027
MinimumVisualStudioVersion = 10.0.40219.1
Project("{FAE04EC0-301F-11D3-BF4B-00C04F79EFBC}") = "MongoAnalysis", "MongoAnalysis\MongoAnalysis.csproj", "{0E686A5F-CD3D-4BB6-8B32-D53A7D28B541}"
EndProject
Global
	GlobalSection(SolutionConfigurationPlatforms) = preSolution
		Debug|Any CPU = Debug|Any CPU
		Release|Any CPU = Release|Any CPU
	EndGlobalSection
	GlobalSection(ProjectConfigurationPlatforms) = postSolution
		{0E686A5F-CD3D-4BB6-8B32-D53A7D28B541}.Debug|Any CPU.ActiveCfg = Debug|Any CPU
		{0E686A5F-CD3D-4BB6-8B32-D53A7D28B541}.Debug|Any CPU.Build.0 = Debug|Any CPU
		{0E686A5F-CD3D-4BB6-8B32-D53A7D28B541}.Release|Any CPU.ActiveCfg = Release|Any CPU
		{0E686A5F-CD3D-4BB6-8B32-D53A7D28B541}.Release|Any CPU.Build.0 = Release|Any CPU
	EndGlobalSection
	GlobalSection(SolutionProperties) = preSolution
		HideSolutionNode = FALSE
	EndGlobalSection
	GlobalSection(ExtensibilityGlobals) = postSolution
		SolutionGuid = {76D73449-DE84-467C-9283-27A2EED469C4}
	EndGlobalSection
EndGlobal
